
Microsoft Visual Studio Solution File, Format Version 12.00
# Visual Studio Version 17
VisualStudioVersion = 17.11.35219.272
MinimumVisualStudioVersion = 10.0.40219.1
Project("{9A19103F-16F7-4668-BE54-9A1E7A4F7556}") = "OnlineQuizSystemApi", "OnlineQuizSystemApi\OnlineQuizSystemApi.csproj", "{E31C5C99-4EA9-48D5-B1E1-EF21C16350D8}"
EndProject
Project("{9A19103F-16F7-4668-BE54-9A1E7A4F7556}") = "QuizWebbApp", "QuizWebbApp\QuizWebbApp.csproj", "{36CB6522-1D63-48AE-BF3A-A1BA6120BB90}"
EndProject
Global
	GlobalSection(SolutionConfigurationPlatforms) = preSolution
		Debug|Any CPU = Debug|Any CPU
		Release|Any CPU = Release|Any CPU
	EndGlobalSection
	GlobalSection(ProjectConfigurationPlatforms) = postSolution
		{E31C5C99-4EA9-48D5-B1E1-EF21C16350D8}.Debug|Any CPU.ActiveCfg = Debug|Any CPU
		{E31C5C99-4EA9-48D5-B1E1-EF21C16350D8}.Debug|Any CPU.Build.0 = Debug|Any CPU
		{E31C5C99-4EA9-48D5-B1E1-EF21C16350D8}.Release|Any CPU.ActiveCfg = Release|Any CPU
		{E31C5C99-4EA9-48D5-B1E1-EF21C16350D8}.Release|Any CPU.Build.0 = Release|Any CPU
		{36CB6522-1D63-48AE-BF3A-A1BA6120BB90}.Debug|Any CPU.ActiveCfg = Debug|Any CPU
		{36CB6522-1D63-48AE-BF3A-A1BA6120BB90}.Debug|Any CPU.Build.0 = Debug|Any CPU
		{36CB6522-1D63-48AE-BF3A-A1BA6120BB90}.Release|Any CPU.ActiveCfg = Release|Any CPU
		{36CB6522-1D63-48AE-BF3A-A1BA6120BB90}.Release|Any CPU.Build.0 = Release|Any CPU
	EndGlobalSection
	GlobalSection(SolutionProperties) = preSolution
		HideSolutionNode = FALSE
	EndGlobalSection
	GlobalSection(ExtensibilityGlobals) = postSolution
		SolutionGuid = {FF693E5D-EB9F-49FF-8F25-38FE4258A2B9}
	EndGlobalSection
EndGlobal
